PODS:
  - flutter_native_timezone (0.0.1):
    - FlutterMacOS
  - FlutterMacOS (1.0.0)
  - location (0.0.1):
    - FlutterMacOS
  - package_info_plus (0.0.1):
    - FlutterMacOS
  - path_provider_macos (0.0.1):
    - FlutterMacOS
  - shared_preferences_macos (0.0.1):
    - FlutterMacOS

DEPENDENCIES:
  - flutter_native_timezone (from `Flutter/ephemeral/.symlinks/plugins/flutter_native_timezone/macos`)
  - FlutterMacOS (from `Flutter/ephemeral`)
  - location (from `Flutter/ephemeral/.symlinks/plugins/location/macos`)
  - package_info_plus (from `Flutter/ephemeral/.symlinks/plugins/package_info_plus/macos`)
  - path_provider_macos (from `Flutter/ephemeral/.symlinks/plugins/path_provider_macos/macos`)
  - shared_preferences_macos (from `Flutter/ephemeral/.symlinks/plugins/shared_preferences_macos/macos`)

EXTERNAL SOURCES:
  flutter_native_timezone:
    :path: Flutter/ephemeral/.symlinks/plugins/flutter_native_timezone/macos
  FlutterMacOS:
    :path: Flutter/ephemeral
  location:
    :path: Flutter/ephemeral/.symlinks/plugins/location/macos
  package_info_plus:
    :path: Flutter/ephemeral/.symlinks/plugins/package_info_plus/macos
  path_provider_macos:
    :path: Flutter/ephemeral/.symlinks/plugins/path_provider_macos/macos
  shared_preferences_macos:
    :path: Flutter/ephemeral/.symlinks/plugins/shared_preferences_macos/macos

SPEC CHECKSUMS:
  flutter_native_timezone: 3a4724189c47dea215bb3e168e555e18308d312c
  FlutterMacOS: ae6af50a8ea7d6103d888583d46bd8328a7e9811
  location: 7cdb0665bd6577d382b0a343acdadbcb7f964775
  package_info_plus: 02d7a575e80f194102bef286361c6c326e4c29ce
  path_provider_macos: 3c0c3b4b0d4a76d2bf989a913c2de869c5641a19
  shared_preferences_macos: a64dc611287ed6cbe28fd1297898db1336975727

PODFILE CHECKSUM: 6eac6b3292e5142cfc23bdeb71848a40ec51c14c

COCOAPODS: 1.11.3
